
Microsoft Visual Studio Solution File, Format Version 12.00
# Visual Studio 2013
VisualStudioVersion = 12.0.40629.0
MinimumVisualStudioVersion = 10.0.40219.1
Project("{2150E333-8FDC-42A3-9474-1A3956D46DE8}") = "src", "src", "{B2A5B5C8-09F1-4E4A-B472-1097BED74FD5}"
EndProject
Project("{FAE04EC0-301F-11D3-BF4B-00C04F79EFBC}") = "DataBooster.PSWebApi", "src\DataBooster.PSWebApi\DataBooster.PSWebApi.csproj", "{3322EF0A-2423-4097-A492-BDB828AC759C}"
EndProject
Project("{2150E333-8FDC-42A3-9474-1A3956D46DE8}") = ".nuget", ".nuget", "{5485E12B-E700-47F5-B104-EEEA9F2281B3}"
	ProjectSection(SolutionItems) = preProject
		.nuget\NuGet.Config = .nuget\NuGet.Config
		.nuget\NuGet.exe = .nuget\NuGet.exe
		.nuget\NuGet.targets = .nuget\NuGet.targets
	EndProjectSection
EndProject
Project("{2150E333-8FDC-42A3-9474-1A3956D46DE8}") = "NuGet", "NuGet", "{8DE869FA-9860-4C54-9B21-FB1C01CD8963}"
	ProjectSection(SolutionItems) = preProject
		src\DataBooster.PSWebApi\DataBooster.PSWebApi.nuspec = src\DataBooster.PSWebApi\DataBooster.PSWebApi.nuspec
		src\NuGet\Pack.bat = src\NuGet\Pack.bat
		src\NuGet\Push.bat = src\NuGet\Push.bat
	EndProjectSection
EndProject
Project("{2150E333-8FDC-42A3-9474-1A3956D46DE8}") = "sample", "sample", "{89D3346F-65AF-4EE0-9FBC-90EDC548B6F1}"
EndProject
Project("{FAE04EC0-301F-11D3-BF4B-00C04F79EFBC}") = "PSWebApi.OwinSample", "sample\PSWebApi.OwinSample\PSWebApi.OwinSample.csproj", "{DA48E8F1-34DA-450E-8E23-74CB948BA5BF}"
EndProject
Project("{FAE04EC0-301F-11D3-BF4B-00C04F79EFBC}") = "Test-Args", "sample\Test-Args\Test-Args.csproj", "{B9D1D338-47FD-4758-B4D2-EC20B2BF5DBB}"
EndProject
Project("{2150E333-8FDC-42A3-9474-1A3956D46DE8}") = "PLSQL-Client", "PLSQL-Client", "{7C2055B3-8EF4-4980-837B-23ED4A699E75}"
	ProjectSection(SolutionItems) = preProject
		sample\PLSQL-Client\REST_UTILITY.pck = sample\PLSQL-Client\REST_UTILITY.pck
	EndProjectSection
EndProject
Global
	GlobalSection(SolutionConfigurationPlatforms) = preSolution
		Debug|Any CPU = Debug|Any CPU
		Release|Any CPU = Release|Any CPU
	EndGlobalSection
	GlobalSection(ProjectConfigurationPlatforms) = postSolution
		{3322EF0A-2423-4097-A492-BDB828AC759C}.Debug|Any CPU.ActiveCfg = Debug|Any CPU
		{3322EF0A-2423-4097-A492-BDB828AC759C}.Debug|Any CPU.Build.0 = Debug|Any CPU
		{3322EF0A-2423-4097-A492-BDB828AC759C}.Release|Any CPU.ActiveCfg = Release|Any CPU
		{3322EF0A-2423-4097-A492-BDB828AC759C}.Release|Any CPU.Build.0 = Release|Any CPU
		{DA48E8F1-34DA-450E-8E23-74CB948BA5BF}.Debug|Any CPU.ActiveCfg = Debug|Any CPU
		{DA48E8F1-34DA-450E-8E23-74CB948BA5BF}.Debug|Any CPU.Build.0 = Debug|Any CPU
		{DA48E8F1-34DA-450E-8E23-74CB948BA5BF}.Release|Any CPU.ActiveCfg = Release|Any CPU
		{DA48E8F1-34DA-450E-8E23-74CB948BA5BF}.Release|Any CPU.Build.0 = Release|Any CPU
		{B9D1D338-47FD-4758-B4D2-EC20B2BF5DBB}.Debug|Any CPU.ActiveCfg = Debug|Any CPU
		{B9D1D338-47FD-4758-B4D2-EC20B2BF5DBB}.Debug|Any CPU.Build.0 = Debug|Any CPU
		{B9D1D338-47FD-4758-B4D2-EC20B2BF5DBB}.Release|Any CPU.ActiveCfg = Release|Any CPU
		{B9D1D338-47FD-4758-B4D2-EC20B2BF5DBB}.Release|Any CPU.Build.0 = Release|Any CPU
	EndGlobalSection
	GlobalSection(SolutionProperties) = preSolution
		HideSolutionNode = FALSE
	EndGlobalSection
	GlobalSection(NestedProjects) = preSolution
		{3322EF0A-2423-4097-A492-BDB828AC759C} = {B2A5B5C8-09F1-4E4A-B472-1097BED74FD5}
		{8DE869FA-9860-4C54-9B21-FB1C01CD8963} = {B2A5B5C8-09F1-4E4A-B472-1097BED74FD5}
		{DA48E8F1-34DA-450E-8E23-74CB948BA5BF} = {89D3346F-65AF-4EE0-9FBC-90EDC548B6F1}
		{B9D1D338-47FD-4758-B4D2-EC20B2BF5DBB} = {89D3346F-65AF-4EE0-9FBC-90EDC548B6F1}
		{7C2055B3-8EF4-4980-837B-23ED4A699E75} = {89D3346F-65AF-4EE0-9FBC-90EDC548B6F1}
	EndGlobalSection
EndGlobal
